Microsoft Visual Studio Solution File, Format Version 12.00
# Visual Studio 15
VisualStudioVersion = 15.0.28307.102
MinimumVisualStudioVersion = 10.0.40219.1
Project("{2150E333-8FDC-42A3-9474-1A3956D46DE8}") = "src", "src", "{ECD4772D-2D4B-47B2-BCC8-C118F11110AD}"
EndProject
Project("{9A19103F-16F7-4668-BE54-9A1E7A4F7556}") = "Uni.Api.Web", "src\Uni.Api.Web\Uni.Api.Web.csproj", "{2A357BF3-4384-44CF-BDC9-F99D7CF16BA8}"
EndProject
Project("{9A19103F-16F7-4668-BE54-9A1E7A4F7556}") = "Uni.Api.DataAccess", "src\Uni.Api.DataAccess\Uni.Api.DataAccess.csproj", "{C440D1B4-70A3-4F46-970B-76EEFE3C1C07}"
EndProject
Project("{9A19103F-16F7-4668-BE54-9A1E7A4F7556}") = "Uni.Api.Infrastructure", "src\Uni.Api.Infrastructure\Uni.Api.Infrastructure.csproj", "{2F06A395-3A69-4559-BD52-A7D711CB31C9}"
EndProject
Project("{9A19103F-16F7-4668-BE54-9A1E7A4F7556}") = "Uni.Api.Core", "src\Uni.Api.Core\Uni.Api.Core.csproj", "{91958F35-DBE4-4D03-8679-738280F1C7CE}"
EndProject
Project("{9A19103F-16F7-4668-BE54-9A1E7A4F7556}") = "Uni.Api.Client", "src\Uni.Api.Client\Uni.Api.Client.csproj", "{97298CB3-3D8F-4B54-8F0F-5DBA30E39156}"
EndProject
Project("{9A19103F-16F7-4668-BE54-9A1E7A4F7556}") = "Uni.Api.Shared", "src\Uni.Api.Shared\Uni.Api.Shared.csproj", "{3594AFC8-EEDF-4360-8BF0-B737CF96F3DC}"
EndProject
Project("{9A19103F-16F7-4668-BE54-9A1E7A4F7556}") = "Uni.Identity.Web", "src\Uni.Identity.Web\Uni.Identity.Web.csproj", "{3F1320C8-DED2-4457-BE53-3C31561D9B9D}"
EndProject
Project("{2150E333-8FDC-42A3-9474-1A3956D46DE8}") = "2. Api", "2. Api", "{CA06211B-DBF9-4853-A3E0-A5FFA858DB06}"
EndProject
Project("{2150E333-8FDC-42A3-9474-1A3956D46DE8}") = "1. Identity", "1. Identity", "{51E691D2-45BC-4388-B62D-6E60A95BDDBF}"
EndProject
Project("{2150E333-8FDC-42A3-9474-1A3956D46DE8}") = "0. Common", "0. Common", "{ED45CD68-97AD-4D40-8F4F-6F8B35F52129}"
EndProject
Project("{9A19103F-16F7-4668-BE54-9A1E7A4F7556}") = "Uni.Common", "src\Uni.Common\Uni.Common.csproj", "{F834004F-C0AA-49AE-8171-D6E6F868F6AA}"
EndProject
Global
	GlobalSection(SolutionConfigurationPlatforms) = preSolution
		Debug|Any CPU = Debug|Any CPU
		Release|Any CPU = Release|Any CPU
	EndGlobalSection
	GlobalSection(ProjectConfigurationPlatforms) = postSolution
		{2A357BF3-4384-44CF-BDC9-F99D7CF16BA8}.Debug|Any CPU.ActiveCfg = Debug|Any CPU
		{2A357BF3-4384-44CF-BDC9-F99D7CF16BA8}.Debug|Any CPU.Build.0 = Debug|Any CPU
		{2A357BF3-4384-44CF-BDC9-F99D7CF16BA8}.Release|Any CPU.ActiveCfg = Release|Any CPU
		{2A357BF3-4384-44CF-BDC9-F99D7CF16BA8}.Release|Any CPU.Build.0 = Release|Any CPU
		{C440D1B4-70A3-4F46-970B-76EEFE3C1C07}.Debug|Any CPU.ActiveCfg = Debug|Any CPU
		{C440D1B4-70A3-4F46-970B-76EEFE3C1C07}.Debug|Any CPU.Build.0 = Debug|Any CPU
		{C440D1B4-70A3-4F46-970B-76EEFE3C1C07}.Release|Any CPU.ActiveCfg = Release|Any CPU
		{C440D1B4-70A3-4F46-970B-76EEFE3C1C07}.Release|Any CPU.Build.0 = Release|Any CPU
		{2F06A395-3A69-4559-BD52-A7D711CB31C9}.Debug|Any CPU.ActiveCfg = Debug|Any CPU
		{2F06A395-3A69-4559-BD52-A7D711CB31C9}.Debug|Any CPU.Build.0 = Debug|Any CPU
		{2F06A395-3A69-4559-BD52-A7D711CB31C9}.Release|Any CPU.ActiveCfg = Release|Any CPU
		{2F06A395-3A69-4559-BD52-A7D711CB31C9}.Release|Any CPU.Build.0 = Release|Any CPU
		{91958F35-DBE4-4D03-8679-738280F1C7CE}.Debug|Any CPU.ActiveCfg = Debug|Any CPU
		{91958F35-DBE4-4D03-8679-738280F1C7CE}.Debug|Any CPU.Build.0 = Debug|Any CPU
		{91958F35-DBE4-4D03-8679-738280F1C7CE}.Release|Any CPU.ActiveCfg = Release|Any CPU
		{91958F35-DBE4-4D03-8679-738280F1C7CE}.Release|Any CPU.Build.0 = Release|Any CPU
		{97298CB3-3D8F-4B54-8F0F-5DBA30E39156}.Debug|Any CPU.ActiveCfg = Debug|Any CPU
		{97298CB3-3D8F-4B54-8F0F-5DBA30E39156}.Debug|Any CPU.Build.0 = Debug|Any CPU
		{97298CB3-3D8F-4B54-8F0F-5DBA30E39156}.Release|Any CPU.ActiveCfg = Release|Any CPU
		{97298CB3-3D8F-4B54-8F0F-5DBA30E39156}.Release|Any CPU.Build.0 = Release|Any CPU
		{3594AFC8-EEDF-4360-8BF0-B737CF96F3DC}.Debug|Any CPU.ActiveCfg = Debug|Any CPU
		{3594AFC8-EEDF-4360-8BF0-B737CF96F3DC}.Debug|Any CPU.Build.0 = Debug|Any CPU
		{3594AFC8-EEDF-4360-8BF0-B737CF96F3DC}.Release|Any CPU.ActiveCfg = Release|Any CPU
		{3594AFC8-EEDF-4360-8BF0-B737CF96F3DC}.Release|Any CPU.Build.0 = Release|Any CPU
		{3F1320C8-DED2-4457-BE53-3C31561D9B9D}.Debug|Any CPU.ActiveCfg = Debug|Any CPU
		{3F1320C8-DED2-4457-BE53-3C31561D9B9D}.Debug|Any CPU.Build.0 = Debug|Any CPU
		{3F1320C8-DED2-4457-BE53-3C31561D9B9D}.Release|Any CPU.ActiveCfg = Release|Any CPU
		{3F1320C8-DED2-4457-BE53-3C31561D9B9D}.Release|Any CPU.Build.0 = Release|Any CPU
		{F834004F-C0AA-49AE-8171-D6E6F868F6AA}.Debug|Any CPU.ActiveCfg = Debug|Any CPU
		{F834004F-C0AA-49AE-8171-D6E6F868F6AA}.Debug|Any CPU.Build.0 = Debug|Any CPU
		{F834004F-C0AA-49AE-8171-D6E6F868F6AA}.Release|Any CPU.ActiveCfg = Release|Any CPU
		{F834004F-C0AA-49AE-8171-D6E6F868F6AA}.Release|Any CPU.Build.0 = Release|Any CPU
	EndGlobalSection
	GlobalSection(SolutionProperties) = preSolution
		HideSolutionNode = FALSE
	EndGlobalSection
	GlobalSection(NestedProjects) = preSolution
		{2A357BF3-4384-44CF-BDC9-F99D7CF16BA8} = {CA06211B-DBF9-4853-A3E0-A5FFA858DB06}
		{C440D1B4-70A3-4F46-970B-76EEFE3C1C07} = {CA06211B-DBF9-4853-A3E0-A5FFA858DB06}
		{2F06A395-3A69-4559-BD52-A7D711CB31C9} = {CA06211B-DBF9-4853-A3E0-A5FFA858DB06}
		{91958F35-DBE4-4D03-8679-738280F1C7CE} = {CA06211B-DBF9-4853-A3E0-A5FFA858DB06}
		{97298CB3-3D8F-4B54-8F0F-5DBA30E39156} = {CA06211B-DBF9-4853-A3E0-A5FFA858DB06}
		{3594AFC8-EEDF-4360-8BF0-B737CF96F3DC} = {CA06211B-DBF9-4853-A3E0-A5FFA858DB06}
		{3F1320C8-DED2-4457-BE53-3C31561D9B9D} = {51E691D2-45BC-4388-B62D-6E60A95BDDBF}
		{CA06211B-DBF9-4853-A3E0-A5FFA858DB06} = {ECD4772D-2D4B-47B2-BCC8-C118F11110AD}
		{51E691D2-45BC-4388-B62D-6E60A95BDDBF} = {ECD4772D-2D4B-47B2-BCC8-C118F11110AD}
		{ED45CD68-97AD-4D40-8F4F-6F8B35F52129} = {ECD4772D-2D4B-47B2-BCC8-C118F11110AD}
		{F834004F-C0AA-49AE-8171-D6E6F868F6AA} = {ED45CD68-97AD-4D40-8F4F-6F8B35F52129}
	EndGlobalSection
	GlobalSection(ExtensibilityGlobals) = postSolution
		SolutionGuid = {E1625461-0234-4097-BBF3-FF7A9970B646}
	EndGlobalSection
EndGlobal
